
Microsoft Visual Studio Solution File, Format Version 12.00
# Visual Studio Version 17
VisualStudioVersion = 17.0.32014.148
MinimumVisualStudioVersion = 10.0.40219.1
Project("{FAE04EC0-301F-11D3-BF4B-00C04F79EFBC}") = "PV178-HW02", "PV178-HW02\PV178-HW02.csproj", "{72A920B7-3387-4763-8982-92DA7A8243B4}"
EndProject
Global
	GlobalSection(SolutionConfigurationPlatforms) = preSolution
		Debug|Any CPU = Debug|Any CPU
		Release|Any CPU = Release|Any CPU
	EndGlobalSection
	GlobalSection(ProjectConfigurationPlatforms) = postSolution
		{72A920B7-3387-4763-8982-92DA7A8243B4}.Debug|Any CPU.ActiveCfg = Debug|Any CPU
		{72A920B7-3387-4763-8982-92DA7A8243B4}.Debug|Any CPU.Build.0 = Debug|Any CPU
		{72A920B7-3387-4763-8982-92DA7A8243B4}.Release|Any CPU.ActiveCfg = Release|Any CPU
		{72A920B7-3387-4763-8982-92DA7A8243B4}.Release|Any CPU.Build.0 = Release|Any CPU
	EndGlobalSection
	GlobalSection(SolutionProperties) = preSolution
		HideSolutionNode = FALSE
	EndGlobalSection
	GlobalSection(ExtensibilityGlobals) = postSolution
		SolutionGuid = {2C557298-848E-4B72-9B09-5472B4F2D791}
	EndGlobalSection
EndGlobal
